
Microsoft Visual Studio Solution File, Format Version 12.00
# Visual Studio 15
VisualStudioVersion = 15.0.26730.15
MinimumVisualStudioVersion = 10.0.40219.1
Project("{FAE04EC0-301F-11D3-BF4B-00C04F79EFBC}") = "ProductUserInterface", "ProductUserInterface\ProductUserInterface.csproj", "{EEB54F30-5D03-423F-801B-CE1E33D5AD87}"
EndProject
Global
	GlobalSection(SolutionConfigurationPlatforms) = preSolution
		Debug|Any CPU = Debug|Any CPU
		Release|Any CPU = Release|Any CPU
	EndGlobalSection
	GlobalSection(ProjectConfigurationPlatforms) = postSolution
		{EEB54F30-5D03-423F-801B-CE1E33D5AD87}.Debug|Any CPU.ActiveCfg = Debug|Any CPU
		{EEB54F30-5D03-423F-801B-CE1E33D5AD87}.Debug|Any CPU.Build.0 = Debug|Any CPU
		{EEB54F30-5D03-423F-801B-CE1E33D5AD87}.Release|Any CPU.ActiveCfg = Release|Any CPU
		{EEB54F30-5D03-423F-801B-CE1E33D5AD87}.Release|Any CPU.Build.0 = Release|Any CPU
	EndGlobalSection
	GlobalSection(SolutionProperties) = preSolution
		HideSolutionNode = FALSE
	EndGlobalSection
	GlobalSection(ExtensibilityGlobals) = postSolution
		SolutionGuid = {793E9FE8-D632-4044-BABA-15F50B038BD5}
	EndGlobalSection
EndGlobal
